
Microsoft Visual Studio Solution File, Format Version 12.00
# Visual Studio Version 17
VisualStudioVersion = 17.13.35806.99
MinimumVisualStudioVersion = 10.0.40219.1
Project("{FAE04EC0-301F-11D3-BF4B-00C04F79EFBC}") = "MozartWorkflows", "MozartWorkflows\MozartWorkflows.csproj", "{94D7702B-BFAF-42A9-A36C-81401C320562}"
EndProject
Project("{FAE04EC0-301F-11D3-BF4B-00C04F79EFBC}") = "OcelotAPI", "Ocelot\OcelotAPI.csproj", "{DAF355DF-FDD0-425C-BECA-844737B82A97}"
EndProject
Global
	GlobalSection(SolutionConfigurationPlatforms) = preSolution
		Debug|Any CPU = Debug|Any CPU
		Release|Any CPU = Release|Any CPU
	EndGlobalSection
	GlobalSection(ProjectConfigurationPlatforms) = postSolution
		{94D7702B-BFAF-42A9-A36C-81401C320562}.Debug|Any CPU.ActiveCfg = Debug|Any CPU
		{94D7702B-BFAF-42A9-A36C-81401C320562}.Debug|Any CPU.Build.0 = Debug|Any CPU
		{94D7702B-BFAF-42A9-A36C-81401C320562}.Release|Any CPU.ActiveCfg = Release|Any CPU
		{94D7702B-BFAF-42A9-A36C-81401C320562}.Release|Any CPU.Build.0 = Release|Any CPU
		{DAF355DF-FDD0-425C-BECA-844737B82A97}.Debug|Any CPU.ActiveCfg = Debug|Any CPU
		{DAF355DF-FDD0-425C-BECA-844737B82A97}.Debug|Any CPU.Build.0 = Debug|Any CPU
		{DAF355DF-FDD0-425C-BECA-844737B82A97}.Release|Any CPU.ActiveCfg = Release|Any CPU
		{DAF355DF-FDD0-425C-BECA-844737B82A97}.Release|Any CPU.Build.0 = Release|Any CPU
	EndGlobalSection
	GlobalSection(SolutionProperties) = preSolution
		HideSolutionNode = FALSE
	EndGlobalSection
	GlobalSection(ExtensibilityGlobals) = postSolution
		SolutionGuid = {C06C079D-212D-4820-8A17-5971A4B1B2C1}
	EndGlobalSection
EndGlobal
